
Microsoft Visual Studio Solution File, Format Version 12.00
# Visual Studio Version 17
VisualStudioVersion = 17.8.34309.116
MinimumVisualStudioVersion = 10.0.40219.1
Project("{9A19103F-16F7-4668-BE54-9A1E7A4F7556}") = "FoodApp", "Back-end\FoodApp.csproj", "{4DB931BF-AB3C-4987-89E6-B66DA73F9A06}"
EndProject
Global
	GlobalSection(SolutionConfigurationPlatforms) = preSolution
		Debug|Any CPU = Debug|Any CPU
		Release|Any CPU = Release|Any CPU
	EndGlobalSection
	GlobalSection(ProjectConfigurationPlatforms) = postSolution
		{4DB931BF-AB3C-4987-89E6-B66DA73F9A06}.Debug|Any CPU.ActiveCfg = Debug|Any CPU
		{4DB931BF-AB3C-4987-89E6-B66DA73F9A06}.Debug|Any CPU.Build.0 = Debug|Any CPU
		{4DB931BF-AB3C-4987-89E6-B66DA73F9A06}.Release|Any CPU.ActiveCfg = Release|Any CPU
		{4DB931BF-AB3C-4987-89E6-B66DA73F9A06}.Release|Any CPU.Build.0 = Release|Any CPU
	EndGlobalSection
	GlobalSection(SolutionProperties) = preSolution
		HideSolutionNode = FALSE
	EndGlobalSection
	GlobalSection(ExtensibilityGlobals) = postSolution
		SolutionGuid = {949386AD-FA0D-47DD-ABD6-63048C28871C}
	EndGlobalSection
EndGlobal
